
Microsoft Visual Studio Solution File, Format Version 12.00
# Visual Studio 15
VisualStudioVersion = 15.0.26730.12
MinimumVisualStudioVersion = 10.0.40219.1
Project("{FAE04EC0-301F-11D3-BF4B-00C04F79EFBC}") = "testinglibrary", "testinglibrary\testinglibrary.csproj", "{A73A9BB0-1187-4AFF-B034-D7AF2F51682A}"
EndProject
Global
	GlobalSection(SolutionConfigurationPlatforms) = preSolution
		Debug|Any CPU = Debug|Any CPU
		Release|Any CPU = Release|Any CPU
	EndGlobalSection
	GlobalSection(ProjectConfigurationPlatforms) = postSolution
		{A73A9BB0-1187-4AFF-B034-D7AF2F51682A}.Debug|Any CPU.ActiveCfg = Debug|Any CPU
		{A73A9BB0-1187-4AFF-B034-D7AF2F51682A}.Debug|Any CPU.Build.0 = Debug|Any CPU
		{A73A9BB0-1187-4AFF-B034-D7AF2F51682A}.Release|Any CPU.ActiveCfg = Release|Any CPU
		{A73A9BB0-1187-4AFF-B034-D7AF2F51682A}.Release|Any CPU.Build.0 = Release|Any CPU
	EndGlobalSection
	GlobalSection(SolutionProperties) = preSolution
		HideSolutionNode = FALSE
	EndGlobalSection
	GlobalSection(ExtensibilityGlobals) = postSolution
		SolutionGuid = {0E37C902-C5FC-4677-A00F-9C8F8F56F5AE}
	EndGlobalSection
EndGlobal
